
Microsoft Visual Studio Solution File, Format Version 12.00
# Visual Studio Version 17
VisualStudioVersion = 17.8.34408.163
MinimumVisualStudioVersion = 10.0.40219.1
Project("{FAE04EC0-301F-11D3-BF4B-00C04F79EFBC}") = "ConsoleApp1", "ConsoleApp1.csproj", "{9CA4EB85-65F0-4D05-BD61-5B25468CC34C}"
EndProject
Global
	GlobalSection(SolutionConfigurationPlatforms) = preSolution
		Debug|Any CPU = Debug|Any CPU
		Release|Any CPU = Release|Any CPU
	EndGlobalSection
	GlobalSection(ProjectConfigurationPlatforms) = postSolution
		{9CA4EB85-65F0-4D05-BD61-5B25468CC34C}.Debug|Any CPU.ActiveCfg = Debug|Any CPU
		{9CA4EB85-65F0-4D05-BD61-5B25468CC34C}.Debug|Any CPU.Build.0 = Debug|Any CPU
		{9CA4EB85-65F0-4D05-BD61-5B25468CC34C}.Release|Any CPU.ActiveCfg = Release|Any CPU
		{9CA4EB85-65F0-4D05-BD61-5B25468CC34C}.Release|Any CPU.Build.0 = Release|Any CPU
	EndGlobalSection
	GlobalSection(SolutionProperties) = preSolution
		HideSolutionNode = FALSE
	EndGlobalSection
	GlobalSection(ExtensibilityGlobals) = postSolution
		SolutionGuid = {97B64D7A-CF62-451D-B1DE-FD02DB6A1383}
	EndGlobalSection
EndGlobal
